
Microsoft Visual Studio Solution File, Format Version 12.00
# Visual Studio 14
VisualStudioVersion = 14.0.25420.1
MinimumVisualStudioVersion = 10.0.40219.1
Project("{FAE04EC0-301F-11D3-BF4B-00C04F79EFBC}") = "XamarinForms-GridView", "XamarinForms-GridView\XamarinForms-GridView.csproj", "{67F9D3A8-F71E-4428-913F-C37AE82CDB24}"
EndProject
Project("{FAE04EC0-301F-11D3-BF4B-00C04F79EFBC}") = "XFormsSGrid_Sample", "XFormsSGrid-Sample\XFormsSGrid_Sample\XFormsSGrid_Sample.csproj", "{6D1B3772-FBE1-4A94-B291-EF5FACA5C519}"
EndProject
Project("{FAE04EC0-301F-11D3-BF4B-00C04F79EFBC}") = "XFormsSGrid_Sample.Droid", "XFormsSGrid-Sample\XFormsSGrid_Sample.Droid\XFormsSGrid_Sample.Droid.csproj", "{A9F7310E-C0CC-4C99-96ED-3C7ABDAC3453}"
EndProject
Project("{FAE04EC0-301F-11D3-BF4B-00C04F79EFBC}") = "XFormsSGrid_Sample.iOS", "XFormsSGrid-Sample\XFormsSGrid_Sample.iOS\XFormsSGrid_Sample.iOS.csproj", "{22400472-7CC4-4843-BC7B-692ADB78BBFC}"
EndProject
Project("{FAE04EC0-301F-11D3-BF4B-00C04F79EFBC}") = "XFormsSGrid_Sample.UWP", "XFormsSGrid-Sample\XFormsSGrid_Sample.UWP\XFormsSGrid_Sample.UWP.csproj", "{846352FB-AFF3-4574-BEC8-312541F28FE4}"
EndProject
Global
	GlobalSection(SolutionConfigurationPlatforms) = preSolution
		Ad-Hoc|Any CPU = Ad-Hoc|Any CPU
		Ad-Hoc|ARM = Ad-Hoc|ARM
		Ad-Hoc|iPhone = Ad-Hoc|iPhone
		Ad-Hoc|iPhoneSimulator = Ad-Hoc|iPhoneSimulator
		Ad-Hoc|x64 = Ad-Hoc|x64
		Ad-Hoc|x86 = Ad-Hoc|x86
		AppStore|Any CPU = AppStore|Any CPU
		AppStore|ARM = AppStore|ARM
		AppStore|iPhone = AppStore|iPhone
		AppStore|iPhoneSimulator = AppStore|iPhoneSimulator
		AppStore|x64 = AppStore|x64
		AppStore|x86 = AppStore|x86
		Debug|Any CPU = Debug|Any CPU
		Debug|ARM = Debug|ARM
		Debug|iPhone = Debug|iPhone
		Debug|iPhoneSimulator = Debug|iPhoneSimulator
		Debug|x64 = Debug|x64
		Debug|x86 = Debug|x86
		Release|Any CPU = Release|Any CPU
		Release|ARM = Release|ARM
		Release|iPhone = Release|iPhone
		Release|iPhoneSimulator = Release|iPhoneSimulator
		Release|x64 = Release|x64
		Release|x86 = Release|x86
	EndGlobalSection
	GlobalSection(ProjectConfigurationPlatforms) = postSolution
		{67F9D3A8-F71E-4428-913F-C37AE82CDB24}.Ad-Hoc|Any CPU.ActiveCfg = Release|Any CPU
		{67F9D3A8-F71E-4428-913F-C37AE82CDB24}.Ad-Hoc|Any CPU.Build.0 = Release|Any CPU
		{67F9D3A8-F71E-4428-913F-C37AE82CDB24}.Ad-Hoc|ARM.ActiveCfg = Release|Any CPU
		{67F9D3A8-F71E-4428-913F-C37AE82CDB24}.Ad-Hoc|ARM.Build.0 = Release|Any CPU
		{67F9D3A8-F71E-4428-913F-C37AE82CDB24}.Ad-Hoc|iPhone.ActiveCfg = Release|Any CPU
		{67F9D3A8-F71E-4428-913F-C37AE82CDB24}.Ad-Hoc|iPhone.Build.0 = Release|Any CPU
		{67F9D3A8-F71E-4428-913F-C37AE82CDB24}.Ad-Hoc|iPhoneSimulator.ActiveCfg = Release|Any CPU
		{67F9D3A8-F71E-4428-913F-C37AE82CDB24}.Ad-Hoc|iPhoneSimulator.Build.0 = Release|Any CPU
		{67F9D3A8-F71E-4428-913F-C37AE82CDB24}.Ad-Hoc|x64.ActiveCfg = Release|Any CPU
		{67F9D3A8-F71E-4428-913F-C37AE82CDB24}.Ad-Hoc|x64.Build.0 = Release|Any CPU
		{67F9D3A8-F71E-4428-913F-C37AE82CDB24}.Ad-Hoc|x86.ActiveCfg = Release|Any CPU
		{67F9D3A8-F71E-4428-913F-C37AE82CDB24}.Ad-Hoc|x86.Build.0 = Release|Any CPU
		{67F9D3A8-F71E-4428-913F-C37AE82CDB24}.AppStore|Any CPU.ActiveCfg = Release|Any CPU
		{67F9D3A8-F71E-4428-913F-C37AE82CDB24}.AppStore|Any CPU.Build.0 = Release|Any CPU
		{67F9D3A8-F71E-4428-913F-C37AE82CDB24}.AppStore|ARM.ActiveCfg = Release|Any CPU
		{67F9D3A8-F71E-4428-913F-C37AE82CDB24}.AppStore|ARM.Build.0 = Release|Any CPU
		{67F9D3A8-F71E-4428-913F-C37AE82CDB24}.AppStore|iPhone.ActiveCfg = Release|Any CPU
		{67F9D3A8-F71E-4428-913F-C37AE82CDB24}.AppStore|iPhone.Build.0 = Release|Any CPU
		{67F9D3A8-F71E-4428-913F-C37AE82CDB24}.AppStore|iPhoneSimulator.ActiveCfg = Release|Any CPU
		{67F9D3A8-F71E-4428-913F-C37AE82CDB24}.AppStore|iPhoneSimulator.Build.0 = Release|Any CPU
		{67F9D3A8-F71E-4428-913F-C37AE82CDB24}.AppStore|x64.ActiveCfg = Release|Any CPU
		{67F9D3A8-F71E-4428-913F-C37AE82CDB24}.AppStore|x64.Build.0 = Release|Any CPU
		{67F9D3A8-F71E-4428-913F-C37AE82CDB24}.AppStore|x86.ActiveCfg = Release|Any CPU
		{67F9D3A8-F71E-4428-913F-C37AE82CDB24}.AppStore|x86.Build.0 = Release|Any CPU
		{67F9D3A8-F71E-4428-913F-C37AE82CDB24}.Debug|Any CPU.ActiveCfg = Debug|Any CPU
		{67F9D3A8-F71E-4428-913F-C37AE82CDB24}.Debug|Any CPU.Build.0 = Debug|Any CPU
		{67F9D3A8-F71E-4428-913F-C37AE82CDB24}.Debug|ARM.ActiveCfg = Debug|Any CPU
		{67F9D3A8-F71E-4428-913F-C37AE82CDB24}.Debug|ARM.Build.0 = Debug|Any CPU
		{67F9D3A8-F71E-4428-913F-C37AE82CDB24}.Debug|iPhone.ActiveCfg = Debug|Any CPU
		{67F9D3A8-F71E-4428-913F-C37AE82CDB24}.Debug|iPhone.Build.0 = Debug|Any CPU
		{67F9D3A8-F71E-4428-913F-C37AE82CDB24}.Debug|iPhoneSimulator.ActiveCfg = Debug|Any CPU
		{67F9D3A8-F71E-4428-913F-C37AE82CDB24}.Debug|iPhoneSimulator.Build.0 = Debug|Any CPU
		{67F9D3A8-F71E-4428-913F-C37AE82CDB24}.Debug|x64.ActiveCfg = Debug|Any CPU
		{67F9D3A8-F71E-4428-913F-C37AE82CDB24}.Debug|x64.Build.0 = Debug|Any CPU
		{67F9D3A8-F71E-4428-913F-C37AE82CDB24}.Debug|x86.ActiveCfg = Debug|Any CPU
		{67F9D3A8-F71E-4428-913F-C37AE82CDB24}.Debug|x86.Build.0 = Debug|Any CPU
		{67F9D3A8-F71E-4428-913F-C37AE82CDB24}.Release|Any CPU.ActiveCfg = Release|Any CPU
		{67F9D3A8-F71E-4428-913F-C37AE82CDB24}.Release|Any CPU.Build.0 = Release|Any CPU
		{67F9D3A8-F71E-4428-913F-C37AE82CDB24}.Release|ARM.ActiveCfg = Release|Any CPU
		{67F9D3A8-F71E-4428-913F-C37AE82CDB24}.Release|ARM.Build.0 = Release|Any CPU
		{67F9D3A8-F71E-4428-913F-C37AE82CDB24}.Release|iPhone.ActiveCfg = Release|Any CPU
		{67F9D3A8-F71E-4428-913F-C37AE82CDB24}.Release|iPhone.Build.0 = Release|Any CPU
		{67F9D3A8-F71E-4428-913F-C37AE82CDB24}.Release|iPhoneSimulator.ActiveCfg = Release|Any CPU
		{67F9D3A8-F71E-4428-913F-C37AE82CDB24}.Release|iPhoneSimulator.Build.0 = Release|Any CPU
		{67F9D3A8-F71E-4428-913F-C37AE82CDB24}.Release|x64.ActiveCfg = Release|Any CPU
		{67F9D3A8-F71E-4428-913F-C37AE82CDB24}.Release|x64.Build.0 = Release|Any CPU
		{67F9D3A8-F71E-4428-913F-C37AE82CDB24}.Release|x86.ActiveCfg = Release|Any CPU
		{67F9D3A8-F71E-4428-913F-C37AE82CDB24}.Release|x86.Build.0 = Release|Any CPU
		{6D1B3772-FBE1-4A94-B291-EF5FACA5C519}.Ad-Hoc|Any CPU.ActiveCfg = Release|Any CPU
		{6D1B3772-FBE1-4A94-B291-EF5FACA5C519}.Ad-Hoc|Any CPU.Build.0 = Release|Any CPU
		{6D1B3772-FBE1-4A94-B291-EF5FACA5C519}.Ad-Hoc|ARM.ActiveCfg = Release|Any CPU
		{6D1B3772-FBE1-4A94-B291-EF5FACA5C519}.Ad-Hoc|ARM.Build.0 = Release|Any CPU
		{6D1B3772-FBE1-4A94-B291-EF5FACA5C519}.Ad-Hoc|iPhone.ActiveCfg = Release|Any CPU
		{6D1B3772-FBE1-4A94-B291-EF5FACA5C519}.Ad-Hoc|iPhone.Build.0 = Release|Any CPU
		{6D1B3772-FBE1-4A94-B291-EF5FACA5C519}.Ad-Hoc|iPhoneSimulator.ActiveCfg = Release|Any CPU
		{6D1B3772-FBE1-4A94-B291-EF5FACA5C519}.Ad-Hoc|iPhoneSimulator.Build.0 = Release|Any CPU
		{6D1B3772-FBE1-4A94-B291-EF5FACA5C519}.Ad-Hoc|x64.ActiveCfg = Release|Any CPU
		{6D1B3772-FBE1-4A94-B291-EF5FACA5C519}.Ad-Hoc|x64.Build.0 = Release|Any CPU
		{6D1B3772-FBE1-4A94-B291-EF5FACA5C519}.Ad-Hoc|x86.ActiveCfg = Release|Any CPU
		{6D1B3772-FBE1-4A94-B291-EF5FACA5C519}.Ad-Hoc|x86.Build.0 = Release|Any CPU
		{6D1B3772-FBE1-4A94-B291-EF5FACA5C519}.AppStore|Any CPU.ActiveCfg = Release|Any CPU
		{6D1B3772-FBE1-4A94-B291-EF5FACA5C519}.AppStore|Any CPU.Build.0 = Release|Any CPU
		{6D1B3772-FBE1-4A94-B291-EF5FACA5C519}.AppStore|ARM.ActiveCfg = Release|Any CPU
		{6D1B3772-FBE1-4A94-B291-EF5FACA5C519}.AppStore|ARM.Build.0 = Release|Any CPU
		{6D1B3772-FBE1-4A94-B291-EF5FACA5C519}.AppStore|iPhone.ActiveCfg = Release|Any CPU
		{6D1B3772-FBE1-4A94-B291-EF5FACA5C519}.AppStore|iPhone.Build.0 = Release|Any CPU
		{6D1B3772-FBE1-4A94-B291-EF5FACA5C519}.AppStore|iPhoneSimulator.ActiveCfg = Release|Any CPU
		{6D1B3772-FBE1-4A94-B291-EF5FACA5C519}.AppStore|iPhoneSimulator.Build.0 = Release|Any CPU
		{6D1B3772-FBE1-4A94-B291-EF5FACA5C519}.AppStore|x64.ActiveCfg = Release|Any CPU
		{6D1B3772-FBE1-4A94-B291-EF5FACA5C519}.AppStore|x64.Build.0 = Release|Any CPU
		{6D1B3772-FBE1-4A94-B291-EF5FACA5C519}.AppStore|x86.ActiveCfg = Release|Any CPU
		{6D1B3772-FBE1-4A94-B291-EF5FACA5C519}.AppStore|x86.Build.0 = Release|Any CPU
		{6D1B3772-FBE1-4A94-B291-EF5FACA5C519}.Debug|Any CPU.ActiveCfg = Debug|Any CPU
		{6D1B3772-FBE1-4A94-B291-EF5FACA5C519}.Debug|Any CPU.Build.0 = Debug|Any CPU
		{6D1B3772-FBE1-4A94-B291-EF5FACA5C519}.Debug|ARM.ActiveCfg = Debug|Any CPU
		{6D1B3772-FBE1-4A94-B291-EF5FACA5C519}.Debug|ARM.Build.0 = Debug|Any CPU
		{6D1B3772-FBE1-4A94-B291-EF5FACA5C519}.Debug|iPhone.ActiveCfg = Debug|Any CPU
		{6D1B3772-FBE1-4A94-B291-EF5FACA5C519}.Debug|iPhone.Build.0 = Debug|Any CPU
		{6D1B3772-FBE1-4A94-B291-EF5FACA5C519}.Debug|iPhoneSimulator.ActiveCfg = Debug|Any CPU
		{6D1B3772-FBE1-4A94-B291-EF5FACA5C519}.Debug|iPhoneSimulator.Build.0 = Debug|Any CPU
		{6D1B3772-FBE1-4A94-B291-EF5FACA5C519}.Debug|x64.ActiveCfg = Debug|Any CPU
		{6D1B3772-FBE1-4A94-B291-EF5FACA5C519}.Debug|x64.Build.0 = Debug|Any CPU
		{6D1B3772-FBE1-4A94-B291-EF5FACA5C519}.Debug|x86.ActiveCfg = Debug|Any CPU
		{6D1B3772-FBE1-4A94-B291-EF5FACA5C519}.Debug|x86.Build.0 = Debug|Any CPU
		{6D1B3772-FBE1-4A94-B291-EF5FACA5C519}.Release|Any CPU.ActiveCfg = Release|Any CPU
		{6D1B3772-FBE1-4A94-B291-EF5FACA5C519}.Release|Any CPU.Build.0 = Release|Any CPU
		{6D1B3772-FBE1-4A94-B291-EF5FACA5C519}.Release|ARM.ActiveCfg = Release|Any CPU
		{6D1B3772-FBE1-4A94-B291-EF5FACA5C519}.Release|ARM.Build.0 = Release|Any CPU
		{6D1B3772-FBE1-4A94-B291-EF5FACA5C519}.Release|iPhone.ActiveCfg = Release|Any CPU
		{6D1B3772-FBE1-4A94-B291-EF5FACA5C519}.Release|iPhone.Build.0 = Release|Any CPU
		{6D1B3772-FBE1-4A94-B291-EF5FACA5C519}.Release|iPhoneSimulator.ActiveCfg = Release|Any CPU
		{6D1B3772-FBE1-4A94-B291-EF5FACA5C519}.Release|iPhoneSimulator.Build.0 = Release|Any CPU
		{6D1B3772-FBE1-4A94-B291-EF5FACA5C519}.Release|x64.ActiveCfg = Release|Any CPU
		{6D1B3772-FBE1-4A94-B291-EF5FACA5C519}.Release|x64.Build.0 = Release|Any CPU
		{6D1B3772-FBE1-4A94-B291-EF5FACA5C519}.Release|x86.ActiveCfg = Release|Any CPU
		{6D1B3772-FBE1-4A94-B291-EF5FACA5C519}.Release|x86.Build.0 = Release|Any CPU
		{A9F7310E-C0CC-4C99-96ED-3C7ABDAC3453}.Ad-Hoc|Any CPU.ActiveCfg = Release|Any CPU
		{A9F7310E-C0CC-4C99-96ED-3C7ABDAC3453}.Ad-Hoc|Any CPU.Build.0 = Release|Any CPU
		{A9F7310E-C0CC-4C99-96ED-3C7ABDAC3453}.Ad-Hoc|Any CPU.Deploy.0 = Release|Any CPU
		{A9F7310E-C0CC-4C99-96ED-3C7ABDAC3453}.Ad-Hoc|ARM.ActiveCfg = Release|Any CPU
		{A9F7310E-C0CC-4C99-96ED-3C7ABDAC3453}.Ad-Hoc|ARM.Build.0 = Release|Any CPU
		{A9F7310E-C0CC-4C99-96ED-3C7ABDAC3453}.Ad-Hoc|ARM.Deploy.0 = Release|Any CPU
		{A9F7310E-C0CC-4C99-96ED-3C7ABDAC3453}.Ad-Hoc|iPhone.ActiveCfg = Release|Any CPU
		{A9F7310E-C0CC-4C99-96ED-3C7ABDAC3453}.Ad-Hoc|iPhone.Build.0 = Release|Any CPU
		{A9F7310E-C0CC-4C99-96ED-3C7ABDAC3453}.Ad-Hoc|iPhone.Deploy.0 = Release|Any CPU
		{A9F7310E-C0CC-4C99-96ED-3C7ABDAC3453}.Ad-Hoc|iPhoneSimulator.ActiveCfg = Release|Any CPU
		{A9F7310E-C0CC-4C99-96ED-3C7ABDAC3453}.Ad-Hoc|iPhoneSimulator.Build.0 = Release|Any CPU
		{A9F7310E-C0CC-4C99-96ED-3C7ABDAC3453}.Ad-Hoc|iPhoneSimulator.Deploy.0 = Release|Any CPU
		{A9F7310E-C0CC-4C99-96ED-3C7ABDAC3453}.Ad-Hoc|x64.ActiveCfg = Release|Any CPU
		{A9F7310E-C0CC-4C99-96ED-3C7ABDAC3453}.Ad-Hoc|x64.Build.0 = Release|Any CPU
		{A9F7310E-C0CC-4C99-96ED-3C7ABDAC3453}.Ad-Hoc|x64.Deploy.0 = Release|Any CPU
		{A9F7310E-C0CC-4C99-96ED-3C7ABDAC3453}.Ad-Hoc|x86.ActiveCfg = Release|Any CPU
		{A9F7310E-C0CC-4C99-96ED-3C7ABDAC3453}.Ad-Hoc|x86.Build.0 = Release|Any CPU
		{A9F7310E-C0CC-4C99-96ED-3C7ABDAC3453}.Ad-Hoc|x86.Deploy.0 = Release|Any CPU
		{A9F7310E-C0CC-4C99-96ED-3C7ABDAC3453}.AppStore|Any CPU.ActiveCfg = Release|Any CPU
		{A9F7310E-C0CC-4C99-96ED-3C7ABDAC3453}.AppStore|Any CPU.Build.0 = Release|Any CPU
		{A9F7310E-C0CC-4C99-96ED-3C7ABDAC3453}.AppStore|Any CPU.Deploy.0 = Release|Any CPU
		{A9F7310E-C0CC-4C99-96ED-3C7ABDAC3453}.AppStore|ARM.ActiveCfg = Release|Any CPU
		{A9F7310E-C0CC-4C99-96ED-3C7ABDAC3453}.AppStore|ARM.Build.0 = Release|Any CPU
		{A9F7310E-C0CC-4C99-96ED-3C7ABDAC3453}.AppStore|ARM.Deploy.0 = Release|Any CPU
		{A9F7310E-C0CC-4C99-96ED-3C7ABDAC3453}.AppStore|iPhone.ActiveCfg = Release|Any CPU
		{A9F7310E-C0CC-4C99-96ED-3C7ABDAC3453}.AppStore|iPhone.Build.0 = Release|Any CPU
		{A9F7310E-C0CC-4C99-96ED-3C7ABDAC3453}.AppStore|iPhone.Deploy.0 = Release|Any CPU
		{A9F7310E-C0CC-4C99-96ED-3C7ABDAC3453}.AppStore|iPhoneSimulator.ActiveCfg = Release|Any CPU
		{A9F7310E-C0CC-4C99-96ED-3C7ABDAC3453}.AppStore|iPhoneSimulator.Build.0 = Release|Any CPU
		{A9F7310E-C0CC-4C99-96ED-3C7ABDAC3453}.AppStore|iPhoneSimulator.Deploy.0 = Release|Any CPU
		{A9F7310E-C0CC-4C99-96ED-3C7ABDAC3453}.AppStore|x64.ActiveCfg = Release|Any CPU
		{A9F7310E-C0CC-4C99-96ED-3C7ABDAC3453}.AppStore|x64.Build.0 = Release|Any CPU
		{A9F7310E-C0CC-4C99-96ED-3C7ABDAC3453}.AppStore|x64.Deploy.0 = Release|Any CPU
		{A9F7310E-C0CC-4C99-96ED-3C7ABDAC3453}.AppStore|x86.ActiveCfg = Release|Any CPU
		{A9F7310E-C0CC-4C99-96ED-3C7ABDAC3453}.AppStore|x86.Build.0 = Release|Any CPU
		{A9F7310E-C0CC-4C99-96ED-3C7ABDAC3453}.AppStore|x86.Deploy.0 = Release|Any CPU
		{A9F7310E-C0CC-4C99-96ED-3C7ABDAC3453}.Debug|Any CPU.ActiveCfg = Debug|Any CPU
		{A9F7310E-C0CC-4C99-96ED-3C7ABDAC3453}.Debug|Any CPU.Build.0 = Debug|Any CPU
		{A9F7310E-C0CC-4C99-96ED-3C7ABDAC3453}.Debug|Any CPU.Deploy.0 = Debug|Any CPU
		{A9F7310E-C0CC-4C99-96ED-3C7ABDAC3453}.Debug|ARM.ActiveCfg = Debug|Any CPU
		{A9F7310E-C0CC-4C99-96ED-3C7ABDAC3453}.Debug|ARM.Build.0 = Debug|Any CPU
		{A9F7310E-C0CC-4C99-96ED-3C7ABDAC3453}.Debug|ARM.Deploy.0 = Debug|Any CPU
		{A9F7310E-C0CC-4C99-96ED-3C7ABDAC3453}.Debug|iPhone.ActiveCfg = Debug|Any CPU
		{A9F7310E-C0CC-4C99-96ED-3C7ABDAC3453}.Debug|iPhone.Build.0 = Debug|Any CPU
		{A9F7310E-C0CC-4C99-96ED-3C7ABDAC3453}.Debug|iPhone.Deploy.0 = Debug|Any CPU
		{A9F7310E-C0CC-4C99-96ED-3C7ABDAC3453}.Debug|iPhoneSimulator.ActiveCfg = Debug|Any CPU
		{A9F7310E-C0CC-4C99-96ED-3C7ABDAC3453}.Debug|iPhoneSimulator.Build.0 = Debug|Any CPU
		{A9F7310E-C0CC-4C99-96ED-3C7ABDAC3453}.Debug|iPhoneSimulator.Deploy.0 = Debug|Any CPU
		{A9F7310E-C0CC-4C99-96ED-3C7ABDAC3453}.Debug|x64.ActiveCfg = Debug|Any CPU
		{A9F7310E-C0CC-4C99-96ED-3C7ABDAC3453}.Debug|x64.Build.0 = Debug|Any CPU
		{A9F7310E-C0CC-4C99-96ED-3C7ABDAC3453}.Debug|x64.Deploy.0 = Debug|Any CPU
		{A9F7310E-C0CC-4C99-96ED-3C7ABDAC3453}.Debug|x86.ActiveCfg = Debug|Any CPU
		{A9F7310E-C0CC-4C99-96ED-3C7ABDAC3453}.Debug|x86.Build.0 = Debug|Any CPU
		{A9F7310E-C0CC-4C99-96ED-3C7ABDAC3453}.Debug|x86.Deploy.0 = Debug|Any CPU
		{A9F7310E-C0CC-4C99-96ED-3C7ABDAC3453}.Release|Any CPU.ActiveCfg = Release|Any CPU
		{A9F7310E-C0CC-4C99-96ED-3C7ABDAC3453}.Release|Any CPU.Build.0 = Release|Any CPU
		{A9F7310E-C0CC-4C99-96ED-3C7ABDAC3453}.Release|Any CPU.Deploy.0 = Release|Any CPU
		{A9F7310E-C0CC-4C99-96ED-3C7ABDAC3453}.Release|ARM.ActiveCfg = Release|Any CPU
		{A9F7310E-C0CC-4C99-96ED-3C7ABDAC3453}.Release|ARM.Build.0 = Release|Any CPU
		{A9F7310E-C0CC-4C99-96ED-3C7ABDAC3453}.Release|ARM.Deploy.0 = Release|Any CPU
		{A9F7310E-C0CC-4C99-96ED-3C7ABDAC3453}.Release|iPhone.ActiveCfg = Release|Any CPU
		{A9F7310E-C0CC-4C99-96ED-3C7ABDAC3453}.Release|iPhone.Build.0 = Release|Any CPU
		{A9F7310E-C0CC-4C99-96ED-3C7ABDAC3453}.Release|iPhone.Deploy.0 = Release|Any CPU
		{A9F7310E-C0CC-4C99-96ED-3C7ABDAC3453}.Release|iPhoneSimulator.ActiveCfg = Release|Any CPU
		{A9F7310E-C0CC-4C99-96ED-3C7ABDAC3453}.Release|iPhoneSimulator.Build.0 = Release|Any CPU
		{A9F7310E-C0CC-4C99-96ED-3C7ABDAC3453}.Release|iPhoneSimulator.Deploy.0 = Release|Any CPU
		{A9F7310E-C0CC-4C99-96ED-3C7ABDAC3453}.Release|x64.ActiveCfg = Release|Any CPU
		{A9F7310E-C0CC-4C99-96ED-3C7ABDAC3453}.Release|x64.Build.0 = Release|Any CPU
		{A9F7310E-C0CC-4C99-96ED-3C7ABDAC3453}.Release|x64.Deploy.0 = Release|Any CPU
		{A9F7310E-C0CC-4C99-96ED-3C7ABDAC3453}.Release|x86.ActiveCfg = Release|Any CPU
		{A9F7310E-C0CC-4C99-96ED-3C7ABDAC3453}.Release|x86.Build.0 = Release|Any CPU
		{A9F7310E-C0CC-4C99-96ED-3C7ABDAC3453}.Release|x86.Deploy.0 = Release|Any CPU
		{22400472-7CC4-4843-BC7B-692ADB78BBFC}.Ad-Hoc|Any CPU.ActiveCfg = Ad-Hoc|iPhone
		{22400472-7CC4-4843-BC7B-692ADB78BBFC}.Ad-Hoc|ARM.ActiveCfg = Ad-Hoc|iPhone
		{22400472-7CC4-4843-BC7B-692ADB78BBFC}.Ad-Hoc|iPhone.ActiveCfg = Ad-Hoc|iPhone
		{22400472-7CC4-4843-BC7B-692ADB78BBFC}.Ad-Hoc|iPhone.Build.0 = Ad-Hoc|iPhone
		{22400472-7CC4-4843-BC7B-692ADB78BBFC}.Ad-Hoc|iPhoneSimulator.ActiveCfg = Ad-Hoc|iPhoneSimulator
		{22400472-7CC4-4843-BC7B-692ADB78BBFC}.Ad-Hoc|iPhoneSimulator.Build.0 = Ad-Hoc|iPhoneSimulator
		{22400472-7CC4-4843-BC7B-692ADB78BBFC}.Ad-Hoc|x64.ActiveCfg = Ad-Hoc|iPhone
		{22400472-7CC4-4843-BC7B-692ADB78BBFC}.Ad-Hoc|x86.ActiveCfg = Ad-Hoc|iPhone
		{22400472-7CC4-4843-BC7B-692ADB78BBFC}.AppStore|Any CPU.ActiveCfg = AppStore|iPhone
		{22400472-7CC4-4843-BC7B-692ADB78BBFC}.AppStore|ARM.ActiveCfg = AppStore|iPhone
		{22400472-7CC4-4843-BC7B-692ADB78BBFC}.AppStore|iPhone.ActiveCfg = AppStore|iPhone
		{22400472-7CC4-4843-BC7B-692ADB78BBFC}.AppStore|iPhone.Build.0 = AppStore|iPhone
		{22400472-7CC4-4843-BC7B-692ADB78BBFC}.AppStore|iPhoneSimulator.ActiveCfg = AppStore|iPhoneSimulator
		{22400472-7CC4-4843-BC7B-692ADB78BBFC}.AppStore|iPhoneSimulator.Build.0 = AppStore|iPhoneSimulator
		{22400472-7CC4-4843-BC7B-692ADB78BBFC}.AppStore|x64.ActiveCfg = AppStore|iPhone
		{22400472-7CC4-4843-BC7B-692ADB78BBFC}.AppStore|x86.ActiveCfg = AppStore|iPhone
		{22400472-7CC4-4843-BC7B-692ADB78BBFC}.Debug|Any CPU.ActiveCfg = Debug|iPhone
		{22400472-7CC4-4843-BC7B-692ADB78BBFC}.Debug|ARM.ActiveCfg = Debug|iPhone
		{22400472-7CC4-4843-BC7B-692ADB78BBFC}.Debug|iPhone.ActiveCfg = Debug|iPhone
		{22400472-7CC4-4843-BC7B-692ADB78BBFC}.Debug|iPhone.Build.0 = Debug|iPhone
		{22400472-7CC4-4843-BC7B-692ADB78BBFC}.Debug|iPhoneSimulator.ActiveCfg = Debug|iPhoneSimulator
		{22400472-7CC4-4843-BC7B-692ADB78BBFC}.Debug|iPhoneSimulator.Build.0 = Debug|iPhoneSimulator
		{22400472-7CC4-4843-BC7B-692ADB78BBFC}.Debug|x64.ActiveCfg = Debug|iPhone
		{22400472-7CC4-4843-BC7B-692ADB78BBFC}.Debug|x86.ActiveCfg = Debug|iPhone
		{22400472-7CC4-4843-BC7B-692ADB78BBFC}.Release|Any CPU.ActiveCfg = Release|iPhone
		{22400472-7CC4-4843-BC7B-692ADB78BBFC}.Release|ARM.ActiveCfg = Release|iPhone
		{22400472-7CC4-4843-BC7B-692ADB78BBFC}.Release|iPhone.ActiveCfg = Release|iPhone
		{22400472-7CC4-4843-BC7B-692ADB78BBFC}.Release|iPhone.Build.0 = Release|iPhone
		{22400472-7CC4-4843-BC7B-692ADB78BBFC}.Release|iPhoneSimulator.ActiveCfg = Release|iPhoneSimulator
		{22400472-7CC4-4843-BC7B-692ADB78BBFC}.Release|iPhoneSimulator.Build.0 = Release|iPhoneSimulator
		{22400472-7CC4-4843-BC7B-692ADB78BBFC}.Release|x64.ActiveCfg = Release|iPhone
		{22400472-7CC4-4843-BC7B-692ADB78BBFC}.Release|x86.ActiveCfg = Release|iPhone
		{846352FB-AFF3-4574-BEC8-312541F28FE4}.Ad-Hoc|Any CPU.ActiveCfg = Release|x86
		{846352FB-AFF3-4574-BEC8-312541F28FE4}.Ad-Hoc|Any CPU.Build.0 = Release|x86
		{846352FB-AFF3-4574-BEC8-312541F28FE4}.Ad-Hoc|Any CPU.Deploy.0 = Release|x86
		{846352FB-AFF3-4574-BEC8-312541F28FE4}.Ad-Hoc|ARM.ActiveCfg = Release|ARM
		{846352FB-AFF3-4574-BEC8-312541F28FE4}.Ad-Hoc|ARM.Build.0 = Release|ARM
		{846352FB-AFF3-4574-BEC8-312541F28FE4}.Ad-Hoc|ARM.Deploy.0 = Release|ARM
		{846352FB-AFF3-4574-BEC8-312541F28FE4}.Ad-Hoc|iPhone.ActiveCfg = Release|x86
		{846352FB-AFF3-4574-BEC8-312541F28FE4}.Ad-Hoc|iPhone.Build.0 = Release|x86
		{846352FB-AFF3-4574-BEC8-312541F28FE4}.Ad-Hoc|iPhone.Deploy.0 = Release|x86
		{846352FB-AFF3-4574-BEC8-312541F28FE4}.Ad-Hoc|iPhoneSimulator.ActiveCfg = Release|x86
		{846352FB-AFF3-4574-BEC8-312541F28FE4}.Ad-Hoc|iPhoneSimulator.Build.0 = Release|x86
		{846352FB-AFF3-4574-BEC8-312541F28FE4}.Ad-Hoc|iPhoneSimulator.Deploy.0 = Release|x86
		{846352FB-AFF3-4574-BEC8-312541F28FE4}.Ad-Hoc|x64.ActiveCfg = Release|x64
		{846352FB-AFF3-4574-BEC8-312541F28FE4}.Ad-Hoc|x64.Build.0 = Release|x64
		{846352FB-AFF3-4574-BEC8-312541F28FE4}.Ad-Hoc|x64.Deploy.0 = Release|x64
		{846352FB-AFF3-4574-BEC8-312541F28FE4}.Ad-Hoc|x86.ActiveCfg = Release|x86
		{846352FB-AFF3-4574-BEC8-312541F28FE4}.Ad-Hoc|x86.Build.0 = Release|x86
		{846352FB-AFF3-4574-BEC8-312541F28FE4}.Ad-Hoc|x86.Deploy.0 = Release|x86
		{846352FB-AFF3-4574-BEC8-312541F28FE4}.AppStore|Any CPU.ActiveCfg = Release|x86
		{846352FB-AFF3-4574-BEC8-312541F28FE4}.AppStore|Any CPU.Build.0 = Release|x86
		{846352FB-AFF3-4574-BEC8-312541F28FE4}.AppStore|Any CPU.Deploy.0 = Release|x86
		{846352FB-AFF3-4574-BEC8-312541F28FE4}.AppStore|ARM.ActiveCfg = Release|ARM
		{846352FB-AFF3-4574-BEC8-312541F28FE4}.AppStore|ARM.Build.0 = Release|ARM
		{846352FB-AFF3-4574-BEC8-312541F28FE4}.AppStore|ARM.Deploy.0 = Release|ARM
		{846352FB-AFF3-4574-BEC8-312541F28FE4}.AppStore|iPhone.ActiveCfg = Release|x86
		{846352FB-AFF3-4574-BEC8-312541F28FE4}.AppStore|iPhone.Build.0 = Release|x86
		{846352FB-AFF3-4574-BEC8-312541F28FE4}.AppStore|iPhone.Deploy.0 = Release|x86
		{846352FB-AFF3-4574-BEC8-312541F28FE4}.AppStore|iPhoneSimulator.ActiveCfg = Release|x86
		{846352FB-AFF3-4574-BEC8-312541F28FE4}.AppStore|iPhoneSimulator.Build.0 = Release|x86
		{846352FB-AFF3-4574-BEC8-312541F28FE4}.AppStore|iPhoneSimulator.Deploy.0 = Release|x86
		{846352FB-AFF3-4574-BEC8-312541F28FE4}.AppStore|x64.ActiveCfg = Release|x64
		{846352FB-AFF3-4574-BEC8-312541F28FE4}.AppStore|x64.Build.0 = Release|x64
		{846352FB-AFF3-4574-BEC8-312541F28FE4}.AppStore|x64.Deploy.0 = Release|x64
		{846352FB-AFF3-4574-BEC8-312541F28FE4}.AppStore|x86.ActiveCfg = Release|x86
		{846352FB-AFF3-4574-BEC8-312541F28FE4}.AppStore|x86.Build.0 = Release|x86
		{846352FB-AFF3-4574-BEC8-312541F28FE4}.AppStore|x86.Deploy.0 = Release|x86
		{846352FB-AFF3-4574-BEC8-312541F28FE4}.Debug|Any CPU.ActiveCfg = Debug|x86
		{846352FB-AFF3-4574-BEC8-312541F28FE4}.Debug|Any CPU.Deploy.0 = Debug|x86
		{846352FB-AFF3-4574-BEC8-312541F28FE4}.Debug|ARM.ActiveCfg = Debug|ARM
		{846352FB-AFF3-4574-BEC8-312541F28FE4}.Debug|ARM.Build.0 = Debug|ARM
		{846352FB-AFF3-4574-BEC8-312541F28FE4}.Debug|ARM.Deploy.0 = Debug|ARM
		{846352FB-AFF3-4574-BEC8-312541F28FE4}.Debug|iPhone.ActiveCfg = Debug|x86
		{846352FB-AFF3-4574-BEC8-312541F28FE4}.Debug|iPhoneSimulator.ActiveCfg = Debug|x86
		{846352FB-AFF3-4574-BEC8-312541F28FE4}.Debug|x64.ActiveCfg = Debug|x64
		{846352FB-AFF3-4574-BEC8-312541F28FE4}.Debug|x64.Build.0 = Debug|x64
		{846352FB-AFF3-4574-BEC8-312541F28FE4}.Debug|x64.Deploy.0 = Debug|x64
		{846352FB-AFF3-4574-BEC8-312541F28FE4}.Debug|x86.ActiveCfg = Debug|x86
		{846352FB-AFF3-4574-BEC8-312541F28FE4}.Debug|x86.Build.0 = Debug|x86
		{846352FB-AFF3-4574-BEC8-312541F28FE4}.Debug|x86.Deploy.0 = Debug|x86
		{846352FB-AFF3-4574-BEC8-312541F28FE4}.Release|Any CPU.ActiveCfg = Release|x86
		{846352FB-AFF3-4574-BEC8-312541F28FE4}.Release|ARM.ActiveCfg = Release|ARM
		{846352FB-AFF3-4574-BEC8-312541F28FE4}.Release|ARM.Build.0 = Release|ARM
		{846352FB-AFF3-4574-BEC8-312541F28FE4}.Release|ARM.Deploy.0 = Release|ARM
		{846352FB-AFF3-4574-BEC8-312541F28FE4}.Release|iPhone.ActiveCfg = Release|x86
		{846352FB-AFF3-4574-BEC8-312541F28FE4}.Release|iPhoneSimulator.ActiveCfg = Release|x86
		{846352FB-AFF3-4574-BEC8-312541F28FE4}.Release|x64.ActiveCfg = Release|x64
		{846352FB-AFF3-4574-BEC8-312541F28FE4}.Release|x64.Build.0 = Release|x64
		{846352FB-AFF3-4574-BEC8-312541F28FE4}.Release|x64.Deploy.0 = Release|x64
		{846352FB-AFF3-4574-BEC8-312541F28FE4}.Release|x86.ActiveCfg = Release|x86
		{846352FB-AFF3-4574-BEC8-312541F28FE4}.Release|x86.Build.0 = Release|x86
		{846352FB-AFF3-4574-BEC8-312541F28FE4}.Release|x86.Deploy.0 = Release|x86
	EndGlobalSection
	GlobalSection(SolutionProperties) = preSolution
		HideSolutionNode = FALSE
	EndGlobalSection
EndGlobal
